
Microsoft Visual Studio Solution File, Format Version 12.00
# Visual Studio 14
VisualStudioVersion = 14.0.25420.1
MinimumVisualStudioVersion = 10.0.40219.1
Project("{FAE04EC0-301F-11D3-BF4B-00C04F79EFBC}") = "BoatsCrudy", "BoatsCrudy\BoatsCrudy.csproj", "{F5C30BCA-E2CA-4D6F-9BFA-923E7A2EDFE7}"
EndProject
Project("{2150E333-8FDC-42A3-9474-1A3956D46DE8}") = "Solution Items", "Solution Items", "{0FB6B400-F0F2-4C64-83F3-8009A8033986}"
	ProjectSection(SolutionItems) = preProject
		.editorconfig = .editorconfig
		.gitignore = .gitignore
	EndProjectSection
EndProject
Global
	GlobalSection(SolutionConfigurationPlatforms) = preSolution
		Debug|Any CPU = Debug|Any CPU
		Release|Any CPU = Release|Any CPU
	EndGlobalSection
	GlobalSection(ProjectConfigurationPlatforms) = postSolution
		{F5C30BCA-E2CA-4D6F-9BFA-923E7A2EDFE7}.Debug|Any CPU.ActiveCfg = Debug|Any CPU
		{F5C30BCA-E2CA-4D6F-9BFA-923E7A2EDFE7}.Debug|Any CPU.Build.0 = Debug|Any CPU
		{F5C30BCA-E2CA-4D6F-9BFA-923E7A2EDFE7}.Release|Any CPU.ActiveCfg = Release|Any CPU
		{F5C30BCA-E2CA-4D6F-9BFA-923E7A2EDFE7}.Release|Any CPU.Build.0 = Release|Any CPU
	EndGlobalSection
	GlobalSection(SolutionProperties) = preSolution
		HideSolutionNode = FALSE
	EndGlobalSection
EndGlobal
